
Microsoft Visual Studio Solution File, Format Version 12.00
# Visual Studio 15
VisualStudioVersion = 15.0.26124.0
MinimumVisualStudioVersion = 15.0.26124.0
Project("{2150E333-8FDC-42A3-9474-1A3956D46DE8}") = "src", "src", "{D6CCC522-8B14-4B92-AB13-0A67635FA451}"
EndProject
Project("{FAE04EC0-301F-11D3-BF4B-00C04F79EFBC}") = "AM.VSLive.Library", "src\AM.VSLive.Library\AM.VSLive.Library.csproj", "{A5ED5D77-DDB4-4AD9-AAFD-1134E401CA30}"
EndProject
Project("{2150E333-8FDC-42A3-9474-1A3956D46DE8}") = "test", "test", "{2CD9A2F8-8F67-4C81-94D9-37FBDB3BF52C}"
EndProject
Project("{FAE04EC0-301F-11D3-BF4B-00C04F79EFBC}") = "AM.VSLive.Library.Test", "test\AM.VSLive.Library.Test\AM.VSLive.Library.Test.csproj", "{6753541D-BF98-4A35-B424-1DAE3A487B8D}"
EndProject
Global
	GlobalSection(SolutionConfigurationPlatforms) = preSolution
		Debug|Any CPU = Debug|Any CPU
		Debug|x64 = Debug|x64
		Debug|x86 = Debug|x86
		Release|Any CPU = Release|Any CPU
		Release|x64 = Release|x64
		Release|x86 = Release|x86
	EndGlobalSection
	GlobalSection(SolutionProperties) = preSolution
		HideSolutionNode = FALSE
	EndGlobalSection
	GlobalSection(ProjectConfigurationPlatforms) = postSolution
		{A5ED5D77-DDB4-4AD9-AAFD-1134E401CA30}.Debug|Any CPU.ActiveCfg = Debug|Any CPU
		{A5ED5D77-DDB4-4AD9-AAFD-1134E401CA30}.Debug|Any CPU.Build.0 = Debug|Any CPU
		{A5ED5D77-DDB4-4AD9-AAFD-1134E401CA30}.Debug|x64.ActiveCfg = Debug|x64
		{A5ED5D77-DDB4-4AD9-AAFD-1134E401CA30}.Debug|x64.Build.0 = Debug|x64
		{A5ED5D77-DDB4-4AD9-AAFD-1134E401CA30}.Debug|x86.ActiveCfg = Debug|x86
		{A5ED5D77-DDB4-4AD9-AAFD-1134E401CA30}.Debug|x86.Build.0 = Debug|x86
		{A5ED5D77-DDB4-4AD9-AAFD-1134E401CA30}.Release|Any CPU.ActiveCfg = Release|Any CPU
		{A5ED5D77-DDB4-4AD9-AAFD-1134E401CA30}.Release|Any CPU.Build.0 = Release|Any CPU
		{A5ED5D77-DDB4-4AD9-AAFD-1134E401CA30}.Release|x64.ActiveCfg = Release|x64
		{A5ED5D77-DDB4-4AD9-AAFD-1134E401CA30}.Release|x64.Build.0 = Release|x64
		{A5ED5D77-DDB4-4AD9-AAFD-1134E401CA30}.Release|x86.ActiveCfg = Release|x86
		{A5ED5D77-DDB4-4AD9-AAFD-1134E401CA30}.Release|x86.Build.0 = Release|x86
		{6753541D-BF98-4A35-B424-1DAE3A487B8D}.Debug|Any CPU.ActiveCfg = Debug|Any CPU
		{6753541D-BF98-4A35-B424-1DAE3A487B8D}.Debug|Any CPU.Build.0 = Debug|Any CPU
		{6753541D-BF98-4A35-B424-1DAE3A487B8D}.Debug|x64.ActiveCfg = Debug|x64
		{6753541D-BF98-4A35-B424-1DAE3A487B8D}.Debug|x64.Build.0 = Debug|x64
		{6753541D-BF98-4A35-B424-1DAE3A487B8D}.Debug|x86.ActiveCfg = Debug|x86
		{6753541D-BF98-4A35-B424-1DAE3A487B8D}.Debug|x86.Build.0 = Debug|x86
		{6753541D-BF98-4A35-B424-1DAE3A487B8D}.Release|Any CPU.ActiveCfg = Release|Any CPU
		{6753541D-BF98-4A35-B424-1DAE3A487B8D}.Release|Any CPU.Build.0 = Release|Any CPU
		{6753541D-BF98-4A35-B424-1DAE3A487B8D}.Release|x64.ActiveCfg = Release|x64
		{6753541D-BF98-4A35-B424-1DAE3A487B8D}.Release|x64.Build.0 = Release|x64
		{6753541D-BF98-4A35-B424-1DAE3A487B8D}.Release|x86.ActiveCfg = Release|x86
		{6753541D-BF98-4A35-B424-1DAE3A487B8D}.Release|x86.Build.0 = Release|x86
	EndGlobalSection
	GlobalSection(NestedProjects) = preSolution
		{A5ED5D77-DDB4-4AD9-AAFD-1134E401CA30} = {D6CCC522-8B14-4B92-AB13-0A67635FA451}
		{6753541D-BF98-4A35-B424-1DAE3A487B8D} = {2CD9A2F8-8F67-4C81-94D9-37FBDB3BF52C}
	EndGlobalSection
EndGlobal
